
Microsoft Visual Studio Solution File, Format Version 12.00
# Visual Studio Version 16
VisualStudioVersion = 16.0.33801.447
MinimumVisualStudioVersion = 10.0.40219.1
Project("{FAE04EC0-301F-11D3-BF4B-00C04F79EFBC}") = "CcfoliaDiceAnalyzer", "CcfoliaDiceAnalyzer\CcfoliaDiceAnalyzer.csproj", "{51BF3F22-11D1-4A66-8E6C-3A5DA4F28525}"
EndProject
Global
	GlobalSection(SolutionConfigurationPlatforms) = preSolution
		Debug|Any CPU = Debug|Any CPU
		Release|Any CPU = Release|Any CPU
	EndGlobalSection
	GlobalSection(ProjectConfigurationPlatforms) = postSolution
		{51BF3F22-11D1-4A66-8E6C-3A5DA4F28525}.Debug|Any CPU.ActiveCfg = Debug|Any CPU
		{51BF3F22-11D1-4A66-8E6C-3A5DA4F28525}.Debug|Any CPU.Build.0 = Debug|Any CPU
		{51BF3F22-11D1-4A66-8E6C-3A5DA4F28525}.Release|Any CPU.ActiveCfg = Release|Any CPU
		{51BF3F22-11D1-4A66-8E6C-3A5DA4F28525}.Release|Any CPU.Build.0 = Release|Any CPU
	EndGlobalSection
	GlobalSection(SolutionProperties) = preSolution
		HideSolutionNode = FALSE
	EndGlobalSection
	GlobalSection(ExtensibilityGlobals) = postSolution
		SolutionGuid = {E437AE32-9271-458F-BD55-4D3C6AF914E5}
	EndGlobalSection
EndGlobal
